
Microsoft Visual Studio Solution File, Format Version 12.00
# Visual Studio Version 16
VisualStudioVersion = 25.0.1704.4
MinimumVisualStudioVersion = 10.0.40219.1
Project("{FAE04EC0-301F-11D3-BF4B-00C04F79EFBC}") = "TestTask", "TestTask\TestTask.csproj", "{24B755AA-4CF8-4A34-9998-5020654E172C}"
EndProject
Global
	GlobalSection(SolutionConfigurationPlatforms) = preSolution
		Debug|Any CPU = Debug|Any CPU
		Release|Any CPU = Release|Any CPU
	EndGlobalSection
	GlobalSection(ProjectConfigurationPlatforms) = postSolution
		{24B755AA-4CF8-4A34-9998-5020654E172C}.Debug|Any CPU.ActiveCfg = Debug|Any CPU
		{24B755AA-4CF8-4A34-9998-5020654E172C}.Debug|Any CPU.Build.0 = Debug|Any CPU
		{24B755AA-4CF8-4A34-9998-5020654E172C}.Release|Any CPU.ActiveCfg = Release|Any CPU
		{24B755AA-4CF8-4A34-9998-5020654E172C}.Release|Any CPU.Build.0 = Release|Any CPU
	EndGlobalSection
	GlobalSection(SolutionProperties) = preSolution
		HideSolutionNode = FALSE
	EndGlobalSection
	GlobalSection(ExtensibilityGlobals) = postSolution
		SolutionGuid = {449C1213-899D-43CC-B8C9-D5F09F4ABD8A}
	EndGlobalSection
EndGlobal
